// !$*UTF8*$!
{
	archiveVersion = 1;
	classes = {
	};
	objectVersion = 50;
	objects = {

/* Begin PBXBuildFile section */
		CA70D07E20BE96910092B8CC /* AppDelegate.swift in Sources */ = {isa = PBXBuildFile; fileRef = CA70D07D20BE96910092B8CC /* AppDelegate.swift */; };
		CA70D08020BE96910092B8CC /* art.scnassets in Resources */ = {isa = PBXBuildFile; fileRef = CA70D07F20BE96910092B8CC /* art.scnassets */; };
		CA70D08220BE96910092B8CC /* ViewController.swift in Sources */ = {isa = PBXBuildFile; fileRef = CA70D08120BE96910092B8CC /* ViewController.swift */; };
		CA70D08520BE96910092B8CC /* Main.storyboard in Resources */ = {isa = PBXBuildFile; fileRef = CA70D08320BE96910092B8CC /* Main.storyboard */; };
		CA70D08720BE96930092B8CC /* Assets.xcassets in Resources */ = {isa = PBXBuildFile; fileRef = CA70D08620BE96930092B8CC /* Assets.xcassets */; };
		CA70D08A20BE96930092B8CC /* LaunchScreen.storyboard in Resources */ = {isa = PBXBuildFile; fileRef = CA70D08820BE96930092B8CC /* LaunchScreen.storyboard */; };
		CA8D8E5B20C148E7004DC64F /* dealWithCommunication.swift in Sources */ = {isa = PBXBuildFile; fileRef = CA8D8E5A20C148E7004DC64F /* dealWithCommunication.swift */; };
		CA8D8E5D20C26AC4004DC64F /* winLose.swift in Sources */ = {isa = PBXBuildFile; fileRef = CA8D8E5C20C26AC4004DC64F /* winLose.swift */; };
		CAE69BE520C6CEE6004711E6 /* GoogleService-Info.plist in Resources */ = {isa = PBXBuildFile; fileRef = CAE69BE420C6CEE6004711E6 /* GoogleService-Info.plist */; };
		F02A9D497A57A4E491ADFE7F /* Pods_finalProject.framework in Frameworks */ = {isa = PBXBuildFile; fileRef = F0B4C827D7D3F038C5906164 /* Pods_finalProject.framework */; };
/* End PBXBuildFile section */

/* Begin PBXFileReference section */
		8341673D31B977707F558467 /* Pods-finalProject.release.xcconfig */ = {isa = PBXFileReference; includeInIndex = 1; lastKnownFileType = text.xcconfig; name = "Pods-finalProject.release.xcconfig"; path = "Pods/Target Support Files/Pods-finalProject/Pods-finalProject.release.xcconfig"; sourceTree = "<group>"; };
		AE262C047E72E7E39906E5D3 /* Pods-finalProject.debug.xcconfig */ = {isa = PBXFileReference; includeInIndex = 1; lastKnownFileType = text.xcconfig; name = "Pods-finalProject.debug.xcconfig"; path = "Pods/Target Support Files/Pods-finalProject/Pods-finalProject.debug.xcconfig"; sourceTree = "<group>"; };
		CA70D07A20BE96910092B8CC /* finalProject.app */ = {isa = PBXFileReference; explicitFileType = wrapper.application; includeInIndex = 0; path = finalProject.app; sourceTree = BUILT_PRODUCTS_DIR; };
		CA70D07D20BE96910092B8CC /* AppDelegate.swift */ = {isa = PBXFileReference; lastKnownFileType = sourcecode.swift; path = AppDelegate.swift; sourceTree = "<group>"; };
		CA70D07F20BE96910092B8CC /* art.scnassets */ = {isa = PBXFileReference; lastKnownFileType = wrapper.scnassets; path = art.scnassets; sourceTree = "<group>"; };
		CA70D08120BE96910092B8CC /* ViewController.swift */ = {isa = PBXFileReference; lastKnownFileType = sourcecode.swift; path = ViewController.swift; sourceTree = "<group>"; };
		CA70D08420BE96910092B8CC /* Base */ = {isa = PBXFileReference; lastKnownFileType = file.storyboard; name = Base; path = Base.lproj/Main.storyboard; sourceTree = "<group>"; };
		CA70D08620BE96930092B8CC /* Assets.xcassets */ = {isa = PBXFileReference; lastKnownFileType = folder.assetcatalog; path = Assets.xcassets; sourceTree = "<group>"; };
		CA70D08920BE96930092B8CC /* Base */ = {isa = PBXFileReference; lastKnownFileType = file.storyboard; name = Base; path = Base.lproj/LaunchScreen.storyboard; sourceTree = "<group>"; };
		CA70D08B20BE96930092B8CC /* Info.plist */ = {isa = PBXFileReference; lastKnownFileType = text.plist.xml; path = Info.plist; sourceTree = "<group>"; };
		CA8D8E5A20C148E7004DC64F /* dealWithCommunication.swift */ = {isa = PBXFileReference; lastKnownFileType = sourcecode.swift; path = dealWithCommunication.swift; sourceTree = "<group>"; };
		CA8D8E5C20C26AC4004DC64F /* winLose.swift */ = {isa = PBXFileReference; lastKnownFileType = sourcecode.swift; path = winLose.swift; sourceTree = "<group>"; };
		CAE69BE420C6CEE6004711E6 /* GoogleService-Info.plist */ = {isa = PBXFileReference; fileEncoding = 4; lastKnownFileType = text.plist.xml; path = "GoogleService-Info.plist"; sourceTree = SOURCE_ROOT; };
		F0B4C827D7D3F038C5906164 /* Pods_finalProject.framework */ = {isa = PBXFileReference; explicitFileType = wrapper.framework; includeInIndex = 0; path = Pods_finalProject.framework; sourceTree = BUILT_PRODUCTS_DIR; };
/* End PBXFileReference section */

/* Begin PBXFrameworksBuildPhase section */
		CA70D07720BE96910092B8CC /* Frameworks */ = {
			isa = PBXFrameworksBuildPhase;
			buildActionMask = 2147483647;
			files = (
				F02A9D497A57A4E491ADFE7F /* Pods_finalProject.framework in Frameworks */,
			);
			runOnlyForDeploymentPostprocessing = 0;
		};
/* End PBXFrameworksBuildPhase section */

/* Begin PBXGroup section */
		128FC8F593AC922D674F85C9 /* Pods */ = {
			isa = PBXGroup;
			children = (
				AE262C047E72E7E39906E5D3 /* Pods-finalProject.debug.xcconfig */,
				8341673D31B977707F558467 /* Pods-finalProject.release.xcconfig */,
			);
			name = Pods;
			sourceTree = "<group>";
		};
		1CD32A56A88D8D1EEF67B7E0 /* Frameworks */ = {
			isa = PBXGroup;
			children = (
				F0B4C827D7D3F038C5906164 /* Pods_finalProject.framework */,
			);
			name = Frameworks;
			sourceTree = "<group>";
		};
		CA70D07120BE96910092B8CC = {
			isa = PBXGroup;
			children = (
				CA70D07C20BE96910092B8CC /* finalProject */,
				CA70D07B20BE96910092B8CC /* Products */,
				128FC8F593AC922D674F85C9 /* Pods */,
				1CD32A56A88D8D1EEF67B7E0 /* Frameworks */,
			);
			sourceTree = "<group>";
		};
		CA70D07B20BE96910092B8CC /* Products */ = {
			isa = PBXGroup;
			children = (
				CA70D07A20BE96910092B8CC /* finalProject.app */,
			);
			name = Products;
			sourceTree = "<group>";
		};
		CA70D07C20BE96910092B8CC /* finalProject */ = {
			isa = PBXGroup;
			children = (
				CAE69BE420C6CEE6004711E6 /* GoogleService-Info.plist */,
				CA70D07D20BE96910092B8CC /* AppDelegate.swift */,
				CA70D07F20BE96910092B8CC /* art.scnassets */,
				CA70D08120BE96910092B8CC /* ViewController.swift */,
				CA8D8E5A20C148E7004DC64F /* dealWithCommunication.swift */,
				CA8D8E5C20C26AC4004DC64F /* winLose.swift */,
				CA70D08320BE96910092B8CC /* Main.storyboard */,
				CA70D08620BE96930092B8CC /* Assets.xcassets */,
				CA70D08820BE96930092B8CC /* LaunchScreen.storyboard */,
				CA70D08B20BE96930092B8CC /* Info.plist */,
			);
			path = finalProject;
			sourceTree = "<group>";
		};
/* End PBXGroup section */

/* Begin PBXNativeTarget section */
		CA70D07920BE96910092B8CC /* finalProject */ = {
			isa = PBXNativeTarget;
			buildConfigurationList = CA70D08E20BE96930092B8CC /* Build configuration list for PBXNativeTarget "finalProject" */;
			buildPhases = (
				E5011184AA72DE211FB1F95A /* [CP] Check Pods Manifest.lock */,
				CA70D07620BE96910092B8CC /* Sources */,
				CA70D07720BE96910092B8CC /* Frameworks */,
				CA70D07820BE96910092B8CC /* Resources */,
				58AD758AD749863DE5B44CAE /* [CP] Embed Pods Frameworks */,
			);
			buildRules = (
			);
			dependencies = (
			);
			name = finalProject;
			productName = finalProject;
			productReference = CA70D07A20BE96910092B8CC /* finalProject.app */;
			productType = "com.apple.product-type.application";
		};
/* End PBXNativeTarget section */

/* Begin PBXProject section */
		CA70D07220BE96910092B8CC /* Project object */ = {
			isa = PBXProject;
			attributes = {
				LastSwiftUpdateCheck = 0930;
				LastUpgradeCheck = 0930;
				ORGANIZATIONNAME = "Richard Chou";
				TargetAttributes = {
					CA70D07920BE96910092B8CC = {
						CreatedOnToolsVersion = 9.3;
					};
				};
			};
			buildConfigurationList = CA70D07520BE96910092B8CC /* Build configuration list for PBXProject "finalProject" */;
			compatibilityVersion = "Xcode 9.3";
			developmentRegion = en;
			hasScannedForEncodings = 0;
			knownRegions = (
				en,
				Base,
			);
			mainGroup = CA70D07120BE96910092B8CC;
			productRefGroup = CA70D07B20BE96910092B8CC /* Products */;
			projectDirPath = "";
			projectRoot = "";
			targets = (
				CA70D07920BE96910092B8CC /* finalProject */,
			);
		};
/* End PBXProject section */

/* Begin PBXResourcesBuildPhase section */
		CA70D07820BE96910092B8CC /* Resources */ = {
			isa = PBXResourcesBuildPhase;
			buildActionMask = 2147483647;
			files = (
				CA70D08020BE96910092B8CC /* art.scnassets in Resources */,
				CA70D08A20BE96930092B8CC /* LaunchScreen.storyboard in Resources */,
				CAE69BE520C6CEE6004711E6 /* GoogleService-Info.plist in Resources */,
				CA70D08720BE96930092B8CC /* Assets.xcassets in Resources */,
				CA70D08520BE96910092B8CC /* Main.storyboard in Resources */,
			);
			runOnlyForDeploymentPostprocessing = 0;
		};
/* End PBXResourcesBuildPhase section */

/* Begin PBXShellScriptBuildPhase section */
		58AD758AD749863DE5B44CAE /* [CP] Embed Pods Frameworks */ = {
			isa = PBXShellScriptBuildPhase;
			buildActionMask = 2147483647;
			files = (
			);
			inputPaths = (
				"${SRCROOT}/Pods/Target Support Files/Pods-finalProject/Pods-finalProject-frameworks.sh",
				"${BUILT_PRODUCTS_DIR}/GTMSessionFetcher/GTMSessionFetcher.framework",
				"${BUILT_PRODUCTS_DIR}/GoogleToolboxForMac/GoogleToolboxForMac.framework",
				"${BUILT_PRODUCTS_DIR}/leveldb-library/leveldb.framework",
				"${BUILT_PRODUCTS_DIR}/nanopb/nanopb.framework",
			);
			name = "[CP] Embed Pods Frameworks";
			outputPaths = (
				"${TARGET_BUILD_DIR}/${FRAMEWORKS_FOLDER_PATH}/GTMSessionFetcher.framework",
				"${TARGET_BUILD_DIR}/${FRAMEWORKS_FOLDER_PATH}/GoogleToolboxForMac.framework",
				"${TARGET_BUILD_DIR}/${FRAMEWORKS_FOLDER_PATH}/leveldb.framework",
				"${TARGET_BUILD_DIR}/${FRAMEWORKS_FOLDER_PATH}/nanopb.framework",
			);
			runOnlyForDeploymentPostprocessing = 0;
			shellPath = /bin/sh;
			shellScript = "\"${SRCROOT}/Pods/Target Support Files/Pods-finalProject/Pods-finalProject-frameworks.sh\"\n";
			showEnvVarsInLog = 0;
		};
		E5011184AA72DE211FB1F95A /* [CP] Check Pods Manifest.lock */ = {
			isa = PBXShellScriptBuildPhase;
			buildActionMask = 2147483647;
			files = (
			);
			inputPaths = (
				"${PODS_PODFILE_DIR_PATH}/Podfile.lock",
				"${PODS_ROOT}/Manifest.lock",
			);
			name = "[CP] Check Pods Manifest.lock";
			outputPaths = (
				"$(DERIVED_FILE_DIR)/Pods-finalProject-checkManifestLockResult.txt",
			);
			runOnlyForDeploymentPostprocessing = 0;
			shellPath = /bin/sh;
			shellScript = "diff \"${PODS_PODFILE_DIR_PATH}/Podfile.lock\" \"${PODS_ROOT}/Manifest.lock\" > /dev/null\nif [ $? != 0 ] ; then\n    # print error to STDERR\n    echo \"error: The sandbox is not in sync with the Podfile.lock. Run 'pod install' or update your CocoaPods installation.\" >&2\n    exit 1\nfi\n# This output is used by Xcode 'outputs' to avoid re-running this script phase.\necho \"SUCCESS\" > \"${SCRIPT_OUTPUT_FILE_0}\"\n";
			showEnvVarsInLog = 0;
		};
/* End PBXShellScriptBuildPhase section */

/* Begin PBXSourcesBuildPhase section */
		CA70D07620BE96910092B8CC /* Sources */ = {
			isa = PBXSourcesBuildPhase;
			buildActionMask = 2147483647;
			files = (
				CA8D8E5D20C26AC4004DC64F /* winLose.swift in Sources */,
				CA70D08220BE96910092B8CC /* ViewController.swift in Sources */,
				CA70D07E20BE96910092B8CC /* AppDelegate.swift in Sources */,
				CA8D8E5B20C148E7004DC64F /* dealWithCommunication.swift in Sources */,
			);
			runOnlyForDeploymentPostprocessing = 0;
		};
/* End PBXSourcesBuildPhase section */

/* Begin PBXVariantGroup section */
		CA70D08320BE96910092B8CC /* Main.storyboard */ = {
			isa = PBXVariantGroup;
			children = (
				CA70D08420BE96910092B8CC /* Base */,
			);
			name = Main.storyboard;
			sourceTree = "<group>";
		};
		CA70D08820BE96930092B8CC /* LaunchScreen.storyboard */ = {
			isa = PBXVariantGroup;
			children = (
				CA70D08920BE96930092B8CC /* Base */,
			);
			name = LaunchScreen.storyboard;
			sourceTree = "<group>";
		};
/* End PBXVariantGroup section */

/* Begin XCBuildConfiguration section */
		CA70D08C20BE96930092B8CC /* Debug */ = {
			isa = XCBuildConfiguration;
			buildSettings = {
				ALWAYS_SEARCH_USER_PATHS = NO;
				CLANG_ANALYZER_NONNULL = YES;
				CLANG_ANALYZER_NUMBER_OBJECT_CONVERSION = YES_AGGRESSIVE;
				CLANG_CXX_LANGUAGE_STANDARD = "gnu++14";
				CLANG_CXX_LIBRARY = "libc++";
				CLANG_ENABLE_MODULES = YES;
				CLANG_ENABLE_OBJC_ARC = YES;
				CLANG_ENABLE_OBJC_WEAK = YES;
				CLANG_WARN_BLOCK_CAPTURE_AUTORELEASING = YES;
				CLANG_WARN_BOOL_CONVERSION = YES;
				CLANG_WARN_COMMA = YES;
				CLANG_WARN_CONSTANT_CONVERSION = YES;
				CLANG_WARN_DEPRECATED_OBJC_IMPLEMENTATIONS = YES;
				CLANG_WARN_DIRECT_OBJC_ISA_USAGE = YES_ERROR;
				CLANG_WARN_DOCUMENTATION_COMMENTS = YES;
				CLANG_WARN_EMPTY_BODY = YES;
				CLANG_WARN_ENUM_CONVERSION = YES;
				CLANG_WARN_INFINITE_RECURSION = YES;
				CLANG_WARN_INT_CONVERSION = YES;
				CLANG_WARN_NON_LITERAL_NULL_CONVERSION = YES;
				CLANG_WARN_OBJC_IMPLICIT_RETAIN_SELF = YES;
				CLANG_WARN_OBJC_LITERAL_CONVERSION = YES;
				CLANG_WARN_OBJC_ROOT_CLASS = YES_ERROR;
				CLANG_WARN_RANGE_LOOP_ANALYSIS = YES;
				CLANG_WARN_STRICT_PROTOTYPES = YES;
				CLANG_WARN_SUSPICIOUS_MOVE = YES;
				CLANG_WARN_UNGUARDED_AVAILABILITY = YES_AGGRESSIVE;
				CLANG_WARN_UNREACHABLE_CODE = YES;
				CLANG_WARN__DUPLICATE_METHOD_MATCH = YES;
				CODE_SIGN_IDENTITY = "iPhone Developer";
				COPY_PHASE_STRIP = NO;
				DEBUG_INFORMATION_FORMAT = dwarf;
				ENABLE_STRICT_OBJC_MSGSEND = YES;
				ENABLE_TESTABILITY = YES;
				GCC_C_LANGUAGE_STANDARD = gnu11;
				GCC_DYNAMIC_NO_PIC = NO;
				GCC_NO_COMMON_BLOCKS = YES;
				GCC_OPTIMIZATION_LEVEL = 0;
				GCC_PREPROCESSOR_DEFINITIONS = (
					"DEBUG=1",
					"$(inherited)",
				);
				GCC_WARN_64_TO_32_BIT_CONVERSION = YES;
				GCC_WARN_ABOUT_RETURN_TYPE = YES_ERROR;
				GCC_WARN_UNDECLARED_SELECTOR = YES;
				GCC_WARN_UNINITIALIZED_AUTOS = YES_AGGRESSIVE;
				GCC_WARN_UNUSED_FUNCTION = YES;
				GCC_WARN_UNUSED_VARIABLE = YES;
				IPHONEOS_DEPLOYMENT_TARGET = 11.3;
				MTL_ENABLE_DEBUG_INFO = YES;
				ONLY_ACTIVE_ARCH = YES;
				SDKROOT = iphoneos;
				SWIFT_ACTIVE_COMPILATION_CONDITIONS = DEBUG;
				SWIFT_OPTIMIZATION_LEVEL = "-Onone";
			};
			name = Debug;
		};
		CA70D08D20BE96930092B8CC /* Release */ = {
			isa = XCBuildConfiguration;
			buildSettings = {
				ALWAYS_SEARCH_USER_PATHS = NO;
				CLANG_ANALYZER_NONNULL = YES;
				CLANG_ANALYZER_NUMBER_OBJECT_CONVERSION = YES_AGGRESSIVE;
				CLANG_CXX_LANGUAGE_STANDARD = "gnu++14";
				CLANG_CXX_LIBRARY = "libc++";
				CLANG_ENABLE_MODULES = YES;
				CLANG_ENABLE_OBJC_ARC = YES;
				CLANG_ENABLE_OBJC_WEAK = YES;
				CLANG_WARN_BLOCK_CAPTURE_AUTORELEASING = YES;
				CLANG_WARN_BOOL_CONVERSION = YES;
				CLANG_WARN_COMMA = YES;
				CLANG_WARN_CONSTANT_CONVERSION = YES;
				CLANG_WARN_DEPRECATED_OBJC_IMPLEMENTATIONS = YES;
				CLANG_WARN_DIRECT_OBJC_ISA_USAGE = YES_ERROR;
				CLANG_WARN_DOCUMENTATION_COMMENTS = YES;
				CLANG_WARN_EMPTY_BODY = YES;
				CLANG_WARN_ENUM_CONVERSION = YES;
				CLANG_WARN_INFINITE_RECURSION = YES;
				CLANG_WARN_INT_CONVERSION = YES;
				CLANG_WARN_NON_LITERAL_NULL_CONVERSION = YES;
				CLANG_WARN_OBJC_IMPLICIT_RETAIN_SELF = YES;
				CLANG_WARN_OBJC_LITERAL_CONVERSION = YES;
				CLANG_WARN_OBJC_ROOT_CLASS = YES_ERROR;
				CLANG_WARN_RANGE_LOOP_ANALYSIS = YES;
				CLANG_WARN_STRICT_PROTOTYPES = YES;
				CLANG_WARN_SUSPICIOUS_MOVE = YES;
				CLANG_WARN_UNGUARDED_AVAILABILITY = YES_AGGRESSIVE;
				CLANG_WARN_UNREACHABLE_CODE = YES;
				CLANG_WARN__DUPLICATE_METHOD_MATCH = YES;
				CODE_SIGN_IDENTITY = "iPhone Developer";
				COPY_PHASE_STRIP = NO;
				DEBUG_INFORMATION_FORMAT = "dwarf-with-dsym";
				ENABLE_NS_ASSERTIONS = NO;
				ENABLE_STRICT_OBJC_MSGSEND = YES;
				GCC_C_LANGUAGE_STANDARD = gnu11;
				GCC_NO_COMMON_BLOCKS = YES;
				GCC_WARN_64_TO_32_BIT_CONVERSION = YES;
				GCC_WARN_ABOUT_RETURN_TYPE = YES_ERROR;
				GCC_WARN_UNDECLARED_SELECTOR = YES;
				GCC_WARN_UNINITIALIZED_AUTOS = YES_AGGRESSIVE;
				GCC_WARN_UNUSED_FUNCTION = YES;
				GCC_WARN_UNUSED_VARIABLE = YES;
				IPHONEOS_DEPLOYMENT_TARGET = 11.3;
				MTL_ENABLE_DEBUG_INFO = NO;
				SDKROOT = iphoneos;
				SWIFT_COMPILATION_MODE = wholemodule;
				SWIFT_OPTIMIZATION_LEVEL = "-O";
				VALIDATE_PRODUCT = YES;
			};
			name = Release;
		};
		CA70D08F20BE96930092B8CC /* Debug */ = {
			isa = XCBuildConfiguration;
			baseConfigurationReference = AE262C047E72E7E39906E5D3 /* Pods-finalProject.debug.xcconfig */;
			buildSettings = {
				ASSETCATALOG_COMPILER_APPICON_NAME = AppIcon;
				CODE_SIGN_STYLE = Automatic;
				DEVELOPMENT_TEAM = 6T454S8BAM;
				INFOPLIST_FILE = finalProject/Info.plist;
				LD_RUNPATH_SEARCH_PATHS = (
					"$(inherited)",
					"@executable_path/Frameworks",
				);
				PRODUCT_BUNDLE_IDENTIFIER = goodhat.finalProject;
				PRODUCT_NAME = "$(TARGET_NAME)";
				SWIFT_VERSION = 4.0;
				TARGETED_DEVICE_FAMILY = "1,2";
			};
			name = Debug;
		};
		CA70D09020BE96930092B8CC /* Release */ = {
			isa = XCBuildConfiguration;
			baseConfigurationReference = 8341673D31B977707F558467 /* Pods-finalProject.release.xcconfig */;
			buildSettings = {
				ASSETCATALOG_COMPILER_APPICON_NAME = AppIcon;
				CODE_SIGN_STYLE = Automatic;
				DEVELOPMENT_TEAM = 6T454S8BAM;
				INFOPLIST_FILE = finalProject/Info.plist;
				LD_RUNPATH_SEARCH_PATHS = (
					"$(inherited)",
					"@executable_path/Frameworks",
				);
				PRODUCT_BUNDLE_IDENTIFIER = goodhat.finalProject;
				PRODUCT_NAME = "$(TARGET_NAME)";
				SWIFT_VERSION = 4.0;
				TARGETED_DEVICE_FAMILY = "1,2";
			};
			name = Release;
		};
/* End XCBuildConfiguration section */

/* Begin XCConfigurationList section */
		CA70D07520BE96910092B8CC /* Build configuration list for PBXProject "finalProject" */ = {
			isa = XCConfigurationList;
			buildConfigurations = (
				CA70D08C20BE96930092B8CC /* Debug */,
				CA70D08D20BE96930092B8CC /* Release */,
			);
			defaultConfigurationIsVisible = 0;
			defaultConfigurationName = Release;
		};
		CA70D08E20BE96930092B8CC /* Build configuration list for PBXNativeTarget "finalProject" */ = {
			isa = XCConfigurationList;
			buildConfigurations = (
				CA70D08F20BE96930092B8CC /* Debug */,
				CA70D09020BE96930092B8CC /* Release */,
			);
			defaultConfigurationIsVisible = 0;
			defaultConfigurationName = Release;
		};
/* End XCConfigurationList section */
	};
	rootObject = CA70D07220BE96910092B8CC /* Project object */;
}
